
Microsoft Visual Studio Solution File, Format Version 12.00
# Visual Studio Version 17
VisualStudioVersion = 17.14.36221.1 d17.14
MinimumVisualStudioVersion = 10.0.40219.1
Project("{FAE04EC0-301F-11D3-BF4B-00C04F79EFBC}") = "GitSimpleRewriteHistory", "Src\GitSimpleRewriteHistory.csproj", "{30A96EF2-4AC6-40D4-850F-FB6DEDB1D2AD}"
EndProject
Project("{FAE04EC0-301F-11D3-BF4B-00C04F79EFBC}") = "LibGit2Sharp", "External\libgit2sharp\LibGit2Sharp\LibGit2Sharp.csproj", "{0D846247-E769-1F20-B91E-A373C6075E6D}"
EndProject
Global
	GlobalSection(SolutionConfigurationPlatforms) = preSolution
		Debug|Any CPU = Debug|Any CPU
		Release|Any CPU = Release|Any CPU
	EndGlobalSection
	GlobalSection(ProjectConfigurationPlatforms) = postSolution
		{30A96EF2-4AC6-40D4-850F-FB6DEDB1D2AD}.Debug|Any CPU.ActiveCfg = Debug|Any CPU
		{30A96EF2-4AC6-40D4-850F-FB6DEDB1D2AD}.Debug|Any CPU.Build.0 = Debug|Any CPU
		{30A96EF2-4AC6-40D4-850F-FB6DEDB1D2AD}.Release|Any CPU.ActiveCfg = Release|Any CPU
		{30A96EF2-4AC6-40D4-850F-FB6DEDB1D2AD}.Release|Any CPU.Build.0 = Release|Any CPU
		{0D846247-E769-1F20-B91E-A373C6075E6D}.Debug|Any CPU.ActiveCfg = Debug|Any CPU
		{0D846247-E769-1F20-B91E-A373C6075E6D}.Debug|Any CPU.Build.0 = Debug|Any CPU
		{0D846247-E769-1F20-B91E-A373C6075E6D}.Release|Any CPU.ActiveCfg = Release|Any CPU
		{0D846247-E769-1F20-B91E-A373C6075E6D}.Release|Any CPU.Build.0 = Release|Any CPU
	EndGlobalSection
	GlobalSection(SolutionProperties) = preSolution
		HideSolutionNode = FALSE
	EndGlobalSection
EndGlobal
